
Microsoft Visual Studio Solution File, Format Version 12.00
# Visual Studio Version 17
VisualStudioVersion = 17.7.34024.191
MinimumVisualStudioVersion = 10.0.40219.1
Project("{FAE04EC0-301F-11D3-BF4B-00C04F79EFBC}") = "ScreenShot-CS", "ScreenShot-CS.csproj", "{35BD26C9-EA00-44FC-A4F8-7C8C29B2199D}"
EndProject
Global
	GlobalSection(SolutionConfigurationPlatforms) = preSolution
		Debug|Any CPU = Debug|Any CPU
		Release|Any CPU = Release|Any CPU
	EndGlobalSection
	GlobalSection(ProjectConfigurationPlatforms) = postSolution
		{35BD26C9-EA00-44FC-A4F8-7C8C29B2199D}.Debug|Any CPU.ActiveCfg = Debug|Any CPU
		{35BD26C9-EA00-44FC-A4F8-7C8C29B2199D}.Debug|Any CPU.Build.0 = Debug|Any CPU
		{35BD26C9-EA00-44FC-A4F8-7C8C29B2199D}.Release|Any CPU.ActiveCfg = Release|Any CPU
		{35BD26C9-EA00-44FC-A4F8-7C8C29B2199D}.Release|Any CPU.Build.0 = Release|Any CPU
	EndGlobalSection
	GlobalSection(SolutionProperties) = preSolution
		HideSolutionNode = FALSE
	EndGlobalSection
	GlobalSection(ExtensibilityGlobals) = postSolution
		SolutionGuid = {644BC793-3EA0-4A39-9E10-6F6800B22B25}
	EndGlobalSection
EndGlobal
